
Microsoft Visual Studio Solution File, Format Version 12.00
# Visual Studio Version 17
VisualStudioVersion = 17.0.31903.59
MinimumVisualStudioVersion = 10.0.40219.1
Project("{FAE04EC0-301F-11D3-BF4B-00C04F79EFBC}") = "PrimeService", "PrimeService\PrimeService.csproj", "{DE7161BB-F3FC-4B65-87E3-5AA965CD6E88}"
EndProject
Project("{FAE04EC0-301F-11D3-BF4B-00C04F79EFBC}") = "PrimeService.Tests", "PrimeService.Tests\PrimeService.Tests.csproj", "{ECB69632-D7A7-49CB-99CF-FAE51C585D5B}"
EndProject
Global
	GlobalSection(SolutionConfigurationPlatforms) = preSolution
		Debug|Any CPU = Debug|Any CPU
		Release|Any CPU = Release|Any CPU
	EndGlobalSection
	GlobalSection(SolutionProperties) = preSolution
		HideSolutionNode = FALSE
	EndGlobalSection
	GlobalSection(ProjectConfigurationPlatforms) = postSolution
		{DE7161BB-F3FC-4B65-87E3-5AA965CD6E88}.Debug|Any CPU.ActiveCfg = Debug|Any CPU
		{DE7161BB-F3FC-4B65-87E3-5AA965CD6E88}.Debug|Any CPU.Build.0 = Debug|Any CPU
		{DE7161BB-F3FC-4B65-87E3-5AA965CD6E88}.Release|Any CPU.ActiveCfg = Release|Any CPU
		{DE7161BB-F3FC-4B65-87E3-5AA965CD6E88}.Release|Any CPU.Build.0 = Release|Any CPU
		{ECB69632-D7A7-49CB-99CF-FAE51C585D5B}.Debug|Any CPU.ActiveCfg = Debug|Any CPU
		{ECB69632-D7A7-49CB-99CF-FAE51C585D5B}.Debug|Any CPU.Build.0 = Debug|Any CPU
		{ECB69632-D7A7-49CB-99CF-FAE51C585D5B}.Release|Any CPU.ActiveCfg = Release|Any CPU
		{ECB69632-D7A7-49CB-99CF-FAE51C585D5B}.Release|Any CPU.Build.0 = Release|Any CPU
	EndGlobalSection
EndGlobal
